// !$*UTF8*$!
{
	archiveVersion = 1;
	classes = {
	};
	objectVersion = 46;
	objects = {

/* Begin PBXBuildFile section */
		524521A11C20AFAA00ACD639 /* AppDelegate.swift in Sources */ = {isa = PBXBuildFile; fileRef = 524521A01C20AFAA00ACD639 /* AppDelegate.swift */; };
		524521A31C20AFAA00ACD639 /* ViewController.swift in Sources */ = {isa = PBXBuildFile; fileRef = 524521A21C20AFAA00ACD639 /* ViewController.swift */; };
		524521A61C20AFAA00ACD639 /* Main.storyboard in Resources */ = {isa = PBXBuildFile; fileRef = 524521A41C20AFAA00ACD639 /* Main.storyboard */; };
		524521A81C20AFAA00ACD639 /* Assets.xcassets in Resources */ = {isa = PBXBuildFile; fileRef = 524521A71C20AFAA00ACD639 /* Assets.xcassets */; };
		524521AB1C20AFAA00ACD639 /* LaunchScreen.storyboard in Resources */ = {isa = PBXBuildFile; fileRef = 524521A91C20AFAA00ACD639 /* LaunchScreen.storyboard */; };
/* End PBXBuildFile section */

/* Begin PBXFileReference section */
		5245219D1C20AFAA00ACD639 /* TestPods.app */ = {isa = PBXFileReference; explicitFileType = wrapper.application; includeInIndex = 0; path = TestPods.app; sourceTree = BUILT_PRODUCTS_DIR; };
		524521A01C20AFAA00ACD639 /* AppDelegate.swift */ = {isa = PBXFileReference; lastKnownFileType = sourcecode.swift; path = AppDelegate.swift; sourceTree = "<group>"; };
		524521A21C20AFAA00ACD639 /* ViewController.swift */ = {isa = PBXFileReference; lastKnownFileType = sourcecode.swift; path = ViewController.swift; sourceTree = "<group>"; };
		524521A51C20AFAA00ACD639 /* Base */ = {isa = PBXFileReference; lastKnownFileType = file.storyboard; name = Base; path = Base.lproj/Main.storyboard; sourceTree = "<group>"; };
		524521A71C20AFAA00ACD639 /* Assets.xcassets */ = {isa = PBXFileReference; lastKnownFileType = folder.assetcatalog; path = Assets.xcassets; sourceTree = "<group>"; };
		524521AA1C20AFAA00ACD639 /* Base */ = {isa = PBXFileReference; lastKnownFileType = file.storyboard; name = Base; path = Base.lproj/LaunchScreen.storyboard; sourceTree = "<group>"; };
		524521AC1C20AFAA00ACD639 /* Info.plist */ = {isa = PBXFileReference; lastKnownFileType = text.plist.xml; path = Info.plist; sourceTree = "<group>"; };
/* End PBXFileReference section */

/* Begin PBXFrameworksBuildPhase section */
		5245219A1C20AFAA00ACD639 /* Frameworks */ = {
			isa = PBXFrameworksBuildPhase;
			buildActionMask = 2147483647;
			files = (
			);
			runOnlyForDeploymentPostprocessing = 0;
		};
/* End PBXFrameworksBuildPhase section */

/* Begin PBXGroup section */
		524521941C20AFAA00ACD639 = {
			isa = PBXGroup;
			children = (
				5245219F1C20AFAA00ACD639 /* TestPods */,
				5245219E1C20AFAA00ACD639 /* Products */,
			);
			sourceTree = "<group>";
		};
		5245219E1C20AFAA00ACD639 /* Products */ = {
			isa = PBXGroup;
			children = (
				5245219D1C20AFAA00ACD639 /* TestPods.app */,
			);
			name = Products;
			sourceTree = "<group>";
		};
		5245219F1C20AFAA00ACD639 /* TestPods */ = {
			isa = PBXGroup;
			children = (
				524521A01C20AFAA00ACD639 /* AppDelegate.swift */,
				524521A21C20AFAA00ACD639 /* ViewController.swift */,
				524521A41C20AFAA00ACD639 /* Main.storyboard */,
				524521A71C20AFAA00ACD639 /* Assets.xcassets */,
				524521A91C20AFAA00ACD639 /* LaunchScreen.storyboard */,
				524521AC1C20AFAA00ACD639 /* Info.plist */,
			);
			path = TestPods;
			sourceTree = "<group>";
		};
/* End PBXGroup section */

/* Begin PBXNativeTarget section */
		5245219C1C20AFAA00ACD639 /* TestPods */ = {
			isa = PBXNativeTarget;
			buildConfigurationList = 524521AF1C20AFAA00ACD639 /* Build configuration list for PBXNativeTarget "TestPods" */;
			buildPhases = (
				524521991C20AFAA00ACD639 /* Sources */,
				5245219A1C20AFAA00ACD639 /* Frameworks */,
				5245219B1C20AFAA00ACD639 /* Resources */,
			);
			buildRules = (
			);
			dependencies = (
			);
			name = TestPods;
			productName = TestPods;
			productReference = 5245219D1C20AFAA00ACD639 /* TestPods.app */;
			productType = "com.apple.product-type.application";
		};
/* End PBXNativeTarget section */

/* Begin PBXProject section */
		524521951C20AFAA00ACD639 /* Project object */ = {
			isa = PBXProject;
			attributes = {
				LastSwiftUpdateCheck = 0720;
				LastUpgradeCheck = 0720;
				ORGANIZATIONNAME = none;
				TargetAttributes = {
					5245219C1C20AFAA00ACD639 = {
						CreatedOnToolsVersion = 7.2;
					};
				};
			};
			buildConfigurationList = 524521981C20AFAA00ACD639 /* Build configuration list for PBXProject "TestPods" */;
			compatibilityVersion = "Xcode 3.2";
			developmentRegion = English;
			hasScannedForEncodings = 0;
			knownRegions = (
				en,
				Base,
			);
			mainGroup = 524521941C20AFAA00ACD639;
			productRefGroup = 5245219E1C20AFAA00ACD639 /* Products */;
			projectDirPath = "";
			projectRoot = "";
			targets = (
				5245219C1C20AFAA00ACD639 /* TestPods */,
			);
		};
/* End PBXProject section */

/* Begin PBXResourcesBuildPhase section */
		5245219B1C20AFAA00ACD639 /* Resources */ = {
			isa = PBXResourcesBuildPhase;
			buildActionMask = 2147483647;
			files = (
				524521AB1C20AFAA00ACD639 /* LaunchScreen.storyboard in Resources */,
				524521A81C20AFAA00ACD639 /* Assets.xcassets in Resources */,
				524521A61C20AFAA00ACD639 /* Main.storyboard in Resources */,
			);
			runOnlyForDeploymentPostprocessing = 0;
		};
/* End PBXResourcesBuildPhase section */

/* Begin PBXSourcesBuildPhase section */
		524521991C20AFAA00ACD639 /* Sources */ = {
			isa = PBXSourcesBuildPhase;
			buildActionMask = 2147483647;
			files = (
				524521A31C20AFAA00ACD639 /* ViewController.swift in Sources */,
				524521A11C20AFAA00ACD639 /* AppDelegate.swift in Sources */,
			);
			runOnlyForDeploymentPostprocessing = 0;
		};
/* End PBXSourcesBuildPhase section */

/* Begin PBXVariantGroup section */
		524521A41C20AFAA00ACD639 /* Main.storyboard */ = {
			isa = PBXVariantGroup;
			children = (
				524521A51C20AFAA00ACD639 /* Base */,
			);
			name = Main.storyboard;
			sourceTree = "<group>";
		};
		524521A91C20AFAA00ACD639 /* LaunchScreen.storyboard */ = {
			isa = PBXVariantGroup;
			children = (
				524521AA1C20AFAA00ACD639 /* Base */,
			);
			name = LaunchScreen.storyboard;
			sourceTree = "<group>";
		};
/* End PBXVariantGroup section */

/* Begin XCBuildConfiguration section */
		524521AD1C20AFAA00ACD639 /* Debug */ = {
			isa = XCBuildConfiguration;
			buildSettings = {
				ALWAYS_SEARCH_USER_PATHS = NO;
				CLANG_CXX_LANGUAGE_STANDARD = "gnu++0x";
				CLANG_CXX_LIBRARY = "libc++";
				CLANG_ENABLE_MODULES = YES;
				CLANG_ENABLE_OBJC_ARC = YES;
				CLANG_WARN_BOOL_CONVERSION = YES;
				CLANG_WARN_CONSTANT_CONVERSION = YES;
				CLANG_WARN_DIRECT_OBJC_ISA_USAGE = YES_ERROR;
				CLANG_WARN_EMPTY_BODY = YES;
				CLANG_WARN_ENUM_CONVERSION = YES;
				CLANG_WARN_INT_CONVERSION = YES;
				CLANG_WARN_OBJC_ROOT_CLASS = YES_ERROR;
				CLANG_WARN_UNREACHABLE_CODE = YES;
				CLANG_WARN__DUPLICATE_METHOD_MATCH = YES;
				"CODE_SIGN_IDENTITY[sdk=iphoneos*]" = "iPhone Developer";
				COPY_PHASE_STRIP = NO;
				DEBUG_INFORMATION_FORMAT = dwarf;
				ENABLE_STRICT_OBJC_MSGSEND = YES;
				ENABLE_TESTABILITY = YES;
				GCC_C_LANGUAGE_STANDARD = gnu99;
				GCC_DYNAMIC_NO_PIC = NO;
				GCC_NO_COMMON_BLOCKS = YES;
				GCC_OPTIMIZATION_LEVEL = 0;
				GCC_PREPROCESSOR_DEFINITIONS = (
					"DEBUG=1",
					"$(inherited)",
				);
				GCC_WARN_64_TO_32_BIT_CONVERSION = YES;
				GCC_WARN_ABOUT_RETURN_TYPE = YES_ERROR;
				GCC_WARN_UNDECLARED_SELECTOR = YES;
				GCC_WARN_UNINITIALIZED_AUTOS = YES_AGGRESSIVE;
				GCC_WARN_UNUSED_FUNCTION = YES;
				GCC_WARN_UNUSED_VARIABLE = YES;
				IPHONEOS_DEPLOYMENT_TARGET = 9.2;
				MTL_ENABLE_DEBUG_INFO = YES;
				ONLY_ACTIVE_ARCH = YES;
				SDKROOT = iphoneos;
				SWIFT_OPTIMIZATION_LEVEL = "-Onone";
			};
			name = Debug;
		};
		524521AE1C20AFAA00ACD639 /* Release */ = {
			isa = XCBuildConfiguration;
			buildSettings = {
				ALWAYS_SEARCH_USER_PATHS = NO;
				CLANG_CXX_LANGUAGE_STANDARD = "gnu++0x";
				CLANG_CXX_LIBRARY = "libc++";
				CLANG_ENABLE_MODULES = YES;
				CLANG_ENABLE_OBJC_ARC = YES;
				CLANG_WARN_BOOL_CONVERSION = YES;
				CLANG_WARN_CONSTANT_CONVERSION = YES;
				CLANG_WARN_DIRECT_OBJC_ISA_USAGE = YES_ERROR;
				CLANG_WARN_EMPTY_BODY = YES;
				CLANG_WARN_ENUM_CONVERSION = YES;
				CLANG_WARN_INT_CONVERSION = YES;
				CLANG_WARN_OBJC_ROOT_CLASS = YES_ERROR;
				CLANG_WARN_UNREACHABLE_CODE = YES;
				CLANG_WARN__DUPLICATE_METHOD_MATCH = YES;
				"CODE_SIGN_IDENTITY[sdk=iphoneos*]" = "iPhone Developer";
				COPY_PHASE_STRIP = NO;
				DEBUG_INFORMATION_FORMAT = "dwarf-with-dsym";
				ENABLE_NS_ASSERTIONS = NO;
				ENABLE_STRICT_OBJC_MSGSEND = YES;
				GCC_C_LANGUAGE_STANDARD = gnu99;
				GCC_NO_COMMON_BLOCKS = YES;
				GCC_WARN_64_TO_32_BIT_CONVERSION = YES;
				GCC_WARN_ABOUT_RETURN_TYPE = YES_ERROR;
				GCC_WARN_UNDECLARED_SELECTOR = YES;
				GCC_WARN_UNINITIALIZED_AUTOS = YES_AGGRESSIVE;
				GCC_WARN_UNUSED_FUNCTION = YES;
				GCC_WARN_UNUSED_VARIABLE = YES;
				IPHONEOS_DEPLOYMENT_TARGET = 9.2;
				MTL_ENABLE_DEBUG_INFO = NO;
				SDKROOT = iphoneos;
				VALIDATE_PRODUCT = YES;
			};
			name = Release;
		};
		524521B01C20AFAA00ACD639 /* Debug */ = {
			isa = XCBuildConfiguration;
			buildSettings = {
				ASSETCATALOG_COMPILER_APPICON_NAME = AppIcon;
				INFOPLIST_FILE = TestPods/Info.plist;
				LD_RUNPATH_SEARCH_PATHS = "$(inherited) @executable_path/Frameworks";
				PRODUCT_BUNDLE_IDENTIFIER = none.TestPods;
				PRODUCT_NAME = "$(TARGET_NAME)";
			};
			name = Debug;
		};
		524521B11C20AFAA00ACD639 /* Release */ = {
			isa = XCBuildConfiguration;
			buildSettings = {
				ASSETCATALOG_COMPILER_APPICON_NAME = AppIcon;
				INFOPLIST_FILE = TestPods/Info.plist;
				LD_RUNPATH_SEARCH_PATHS = "$(inherited) @executable_path/Frameworks";
				PRODUCT_BUNDLE_IDENTIFIER = none.TestPods;
				PRODUCT_NAME = "$(TARGET_NAME)";
			};
			name = Release;
		};
/* End XCBuildConfiguration section */

/* Begin XCConfigurationList section */
		524521981C20AFAA00ACD639 /* Build configuration list for PBXProject "TestPods" */ = {
			isa = XCConfigurationList;
			buildConfigurations = (
				524521AD1C20AFAA00ACD639 /* Debug */,
				524521AE1C20AFAA00ACD639 /* Release */,
			);
			defaultConfigurationIsVisible = 0;
			defaultConfigurationName = Release;
		};
		524521AF1C20AFAA00ACD639 /* Build configuration list for PBXNativeTarget "TestPods" */ = {
			isa = XCConfigurationList;
			buildConfigurations = (
				524521B01C20AFAA00ACD639 /* Debug */,
				524521B11C20AFAA00ACD639 /* Release */,
			);
			defaultConfigurationIsVisible = 0;
		};
/* End XCConfigurationList section */
	};
	rootObject = 524521951C20AFAA00ACD639 /* Project object */;
}
